
Microsoft Visual Studio Solution File, Format Version 12.00
# Visual Studio Version 17
VisualStudioVersion = 17.9.34728.123
MinimumVisualStudioVersion = 10.0.40219.1
Project("{FAE04EC0-301F-11D3-BF4B-00C04F79EFBC}") = "Asteroids", "Asteroids.csproj", "{6C68C1BB-16F3-4613-8E34-7480CBC4BE94}"
EndProject
Global
	GlobalSection(SolutionConfigurationPlatforms) = preSolution
		Debug|Any CPU = Debug|Any CPU
		Release|Any CPU = Release|Any CPU
	EndGlobalSection
	GlobalSection(ProjectConfigurationPlatforms) = postSolution
		{6C68C1BB-16F3-4613-8E34-7480CBC4BE94}.Debug|Any CPU.ActiveCfg = Debug|Any CPU
		{6C68C1BB-16F3-4613-8E34-7480CBC4BE94}.Debug|Any CPU.Build.0 = Debug|Any CPU
		{6C68C1BB-16F3-4613-8E34-7480CBC4BE94}.Release|Any CPU.ActiveCfg = Release|Any CPU
		{6C68C1BB-16F3-4613-8E34-7480CBC4BE94}.Release|Any CPU.Build.0 = Release|Any CPU
	EndGlobalSection
	GlobalSection(SolutionProperties) = preSolution
		HideSolutionNode = FALSE
	EndGlobalSection
	GlobalSection(ExtensibilityGlobals) = postSolution
		SolutionGuid = {42BED62F-6431-4312-AAF8-0AD88F525282}
	EndGlobalSection
EndGlobal
